
Microsoft Visual Studio Solution File, Format Version 12.00
# Visual Studio Version 16
VisualStudioVersion = 16.0.30114.105
MinimumVisualStudioVersion = 10.0.40219.1
Project("{9A19103F-16F7-4668-BE54-9A1E7A4F7556}") = "Temperature_YMD", "course\Temperature_YMD\Temperature_YMD.csproj", "{8544431E-7213-4B32-A3C1-28A956F36A48}"
EndProject
Project("{FAE04EC0-301F-11D3-BF4B-00C04F79EFBC}") = "Ex2", "Ex2\Ex2.csproj", "{B8CCB0BB-50B0-41C7-B9B2-F26B1AD05A57}"
EndProject
Project("{FAE04EC0-301F-11D3-BF4B-00C04F79EFBC}") = "Ex4", "Ex4\Ex4.csproj", "{F9C64DFE-9F61-4E74-8054-282D1508191A}"
EndProject
Project("{FAE04EC0-301F-11D3-BF4B-00C04F79EFBC}") = "Ex5", "Ex5\Ex5.csproj", "{C4D6FF7A-DEAE-4E5C-8264-DD9F27A5DBA6}"
EndProject
Project("{FAE04EC0-301F-11D3-BF4B-00C04F79EFBC}") = "Ex6", "Ex6\Ex6.csproj", "{D39B1922-6E8A-45A1-82CB-81EF98DADE76}"
EndProject
Project("{FAE04EC0-301F-11D3-BF4B-00C04F79EFBC}") = "Ex7_Random", "Ex7\Ex7_Random.csproj", "{19A394DE-5878-4EBE-BF50-C5F850C04A4B}"
EndProject
Project("{FAE04EC0-301F-11D3-BF4B-00C04F79EFBC}") = "Ex9_Reversed", "Ex9\Ex9_Reversed.csproj", "{20D90141-75C2-4132-9873-16D759786C8A}"
EndProject
Project("{FAE04EC0-301F-11D3-BF4B-00C04F79EFBC}") = "Ex10", "Ex10\Ex10.csproj", "{5C3B9E5C-FE9D-4053-BE3B-271014DC3D1A}"
EndProject
Project("{FAE04EC0-301F-11D3-BF4B-00C04F79EFBC}") = "Ex12", "Ex11\Ex12.csproj", "{59191353-D885-4B3B-A024-FA2054B835E3}"
EndProject
Project("{FAE04EC0-301F-11D3-BF4B-00C04F79EFBC}") = "Ex13", "Ex13\Ex13.csproj", "{21B6C79F-5D07-49AF-A2AD-815013F57F29}"
EndProject
Project("{FAE04EC0-301F-11D3-BF4B-00C04F79EFBC}") = "Ex14", "Ex14\Ex14.csproj", "{C095A534-DA61-4BB8-83A5-C1DEC1E86DDE}"
EndProject
Project("{FAE04EC0-301F-11D3-BF4B-00C04F79EFBC}") = "Ex15", "Ex15\Ex15.csproj", "{F000A85F-CE6A-475E-8578-8FB0B67A6C73}"
EndProject
Project("{FAE04EC0-301F-11D3-BF4B-00C04F79EFBC}") = "Ex16", "Ex16\Ex16.csproj", "{365F0397-0317-48C6-A093-C57A3ABF87E8}"
EndProject
Global
	GlobalSection(SolutionConfigurationPlatforms) = preSolution
		Debug|Any CPU = Debug|Any CPU
		Release|Any CPU = Release|Any CPU
	EndGlobalSection
	GlobalSection(ProjectConfigurationPlatforms) = postSolution
		{8544431E-7213-4B32-A3C1-28A956F36A48}.Debug|Any CPU.ActiveCfg = Debug|Any CPU
		{8544431E-7213-4B32-A3C1-28A956F36A48}.Debug|Any CPU.Build.0 = Debug|Any CPU
		{8544431E-7213-4B32-A3C1-28A956F36A48}.Release|Any CPU.ActiveCfg = Release|Any CPU
		{8544431E-7213-4B32-A3C1-28A956F36A48}.Release|Any CPU.Build.0 = Release|Any CPU
		{B8CCB0BB-50B0-41C7-B9B2-F26B1AD05A57}.Debug|Any CPU.ActiveCfg = Debug|Any CPU
		{B8CCB0BB-50B0-41C7-B9B2-F26B1AD05A57}.Debug|Any CPU.Build.0 = Debug|Any CPU
		{B8CCB0BB-50B0-41C7-B9B2-F26B1AD05A57}.Release|Any CPU.ActiveCfg = Release|Any CPU
		{B8CCB0BB-50B0-41C7-B9B2-F26B1AD05A57}.Release|Any CPU.Build.0 = Release|Any CPU
		{F9C64DFE-9F61-4E74-8054-282D1508191A}.Debug|Any CPU.ActiveCfg = Debug|Any CPU
		{F9C64DFE-9F61-4E74-8054-282D1508191A}.Debug|Any CPU.Build.0 = Debug|Any CPU
		{F9C64DFE-9F61-4E74-8054-282D1508191A}.Release|Any CPU.ActiveCfg = Release|Any CPU
		{F9C64DFE-9F61-4E74-8054-282D1508191A}.Release|Any CPU.Build.0 = Release|Any CPU
		{C4D6FF7A-DEAE-4E5C-8264-DD9F27A5DBA6}.Debug|Any CPU.ActiveCfg = Debug|Any CPU
		{C4D6FF7A-DEAE-4E5C-8264-DD9F27A5DBA6}.Debug|Any CPU.Build.0 = Debug|Any CPU
		{C4D6FF7A-DEAE-4E5C-8264-DD9F27A5DBA6}.Release|Any CPU.ActiveCfg = Release|Any CPU
		{C4D6FF7A-DEAE-4E5C-8264-DD9F27A5DBA6}.Release|Any CPU.Build.0 = Release|Any CPU
		{D39B1922-6E8A-45A1-82CB-81EF98DADE76}.Debug|Any CPU.ActiveCfg = Debug|Any CPU
		{D39B1922-6E8A-45A1-82CB-81EF98DADE76}.Debug|Any CPU.Build.0 = Debug|Any CPU
		{D39B1922-6E8A-45A1-82CB-81EF98DADE76}.Release|Any CPU.ActiveCfg = Release|Any CPU
		{D39B1922-6E8A-45A1-82CB-81EF98DADE76}.Release|Any CPU.Build.0 = Release|Any CPU
		{19A394DE-5878-4EBE-BF50-C5F850C04A4B}.Debug|Any CPU.ActiveCfg = Debug|Any CPU
		{19A394DE-5878-4EBE-BF50-C5F850C04A4B}.Debug|Any CPU.Build.0 = Debug|Any CPU
		{19A394DE-5878-4EBE-BF50-C5F850C04A4B}.Release|Any CPU.ActiveCfg = Release|Any CPU
		{19A394DE-5878-4EBE-BF50-C5F850C04A4B}.Release|Any CPU.Build.0 = Release|Any CPU
		{20D90141-75C2-4132-9873-16D759786C8A}.Debug|Any CPU.ActiveCfg = Debug|Any CPU
		{20D90141-75C2-4132-9873-16D759786C8A}.Debug|Any CPU.Build.0 = Debug|Any CPU
		{20D90141-75C2-4132-9873-16D759786C8A}.Release|Any CPU.ActiveCfg = Release|Any CPU
		{20D90141-75C2-4132-9873-16D759786C8A}.Release|Any CPU.Build.0 = Release|Any CPU
		{5C3B9E5C-FE9D-4053-BE3B-271014DC3D1A}.Debug|Any CPU.ActiveCfg = Debug|Any CPU
		{5C3B9E5C-FE9D-4053-BE3B-271014DC3D1A}.Debug|Any CPU.Build.0 = Debug|Any CPU
		{5C3B9E5C-FE9D-4053-BE3B-271014DC3D1A}.Release|Any CPU.ActiveCfg = Release|Any CPU
		{5C3B9E5C-FE9D-4053-BE3B-271014DC3D1A}.Release|Any CPU.Build.0 = Release|Any CPU
		{59191353-D885-4B3B-A024-FA2054B835E3}.Debug|Any CPU.ActiveCfg = Debug|Any CPU
		{59191353-D885-4B3B-A024-FA2054B835E3}.Debug|Any CPU.Build.0 = Debug|Any CPU
		{59191353-D885-4B3B-A024-FA2054B835E3}.Release|Any CPU.ActiveCfg = Release|Any CPU
		{59191353-D885-4B3B-A024-FA2054B835E3}.Release|Any CPU.Build.0 = Release|Any CPU
		{21B6C79F-5D07-49AF-A2AD-815013F57F29}.Debug|Any CPU.ActiveCfg = Debug|Any CPU
		{21B6C79F-5D07-49AF-A2AD-815013F57F29}.Debug|Any CPU.Build.0 = Debug|Any CPU
		{21B6C79F-5D07-49AF-A2AD-815013F57F29}.Release|Any CPU.ActiveCfg = Release|Any CPU
		{21B6C79F-5D07-49AF-A2AD-815013F57F29}.Release|Any CPU.Build.0 = Release|Any CPU
		{C095A534-DA61-4BB8-83A5-C1DEC1E86DDE}.Debug|Any CPU.ActiveCfg = Debug|Any CPU
		{C095A534-DA61-4BB8-83A5-C1DEC1E86DDE}.Debug|Any CPU.Build.0 = Debug|Any CPU
		{C095A534-DA61-4BB8-83A5-C1DEC1E86DDE}.Release|Any CPU.ActiveCfg = Release|Any CPU
		{C095A534-DA61-4BB8-83A5-C1DEC1E86DDE}.Release|Any CPU.Build.0 = Release|Any CPU
		{F000A85F-CE6A-475E-8578-8FB0B67A6C73}.Debug|Any CPU.ActiveCfg = Debug|Any CPU
		{F000A85F-CE6A-475E-8578-8FB0B67A6C73}.Debug|Any CPU.Build.0 = Debug|Any CPU
		{F000A85F-CE6A-475E-8578-8FB0B67A6C73}.Release|Any CPU.ActiveCfg = Release|Any CPU
		{F000A85F-CE6A-475E-8578-8FB0B67A6C73}.Release|Any CPU.Build.0 = Release|Any CPU
		{365F0397-0317-48C6-A093-C57A3ABF87E8}.Debug|Any CPU.ActiveCfg = Debug|Any CPU
		{365F0397-0317-48C6-A093-C57A3ABF87E8}.Debug|Any CPU.Build.0 = Debug|Any CPU
		{365F0397-0317-48C6-A093-C57A3ABF87E8}.Release|Any CPU.ActiveCfg = Release|Any CPU
		{365F0397-0317-48C6-A093-C57A3ABF87E8}.Release|Any CPU.Build.0 = Release|Any CPU
	EndGlobalSection
	GlobalSection(SolutionProperties) = preSolution
		HideSolutionNode = FALSE
	EndGlobalSection
	GlobalSection(ExtensibilityGlobals) = postSolution
		SolutionGuid = {54378B55-7550-4C0C-BCA9-51179739CCD8}
	EndGlobalSection
EndGlobal
